
Microsoft Visual Studio Solution File, Format Version 12.00
# Visual Studio Version 16
VisualStudioVersion = 16.0.29519.87
MinimumVisualStudioVersion = 10.0.40219.1
Project("{8BC9CEB8-8B4A-11D0-8D11-00A0C91BC942}") = "PO_projekt", "PO_projekt.vcxproj", "{6F38C0F1-7327-452D-8582-77B504088AEC}"
EndProject
Global
	GlobalSection(SolutionConfigurationPlatforms) = preSolution
		Debug|x64 = Debug|x64
		Debug|x86 = Debug|x86
		Release|x64 = Release|x64
		Release|x86 = Release|x86
	EndGlobalSection
	GlobalSection(ProjectConfigurationPlatforms) = postSolution
		{6F38C0F1-7327-452D-8582-77B504088AEC}.Debug|x64.ActiveCfg = Debug|x64
		{6F38C0F1-7327-452D-8582-77B504088AEC}.Debug|x64.Build.0 = Debug|x64
		{6F38C0F1-7327-452D-8582-77B504088AEC}.Debug|x86.ActiveCfg = Debug|Win32
		{6F38C0F1-7327-452D-8582-77B504088AEC}.Debug|x86.Build.0 = Debug|Win32
		{6F38C0F1-7327-452D-8582-77B504088AEC}.Release|x64.ActiveCfg = Release|x64
		{6F38C0F1-7327-452D-8582-77B504088AEC}.Release|x64.Build.0 = Release|x64
		{6F38C0F1-7327-452D-8582-77B504088AEC}.Release|x86.ActiveCfg = Release|Win32
		{6F38C0F1-7327-452D-8582-77B504088AEC}.Release|x86.Build.0 = Release|Win32
	EndGlobalSection
	GlobalSection(SolutionProperties) = preSolution
		HideSolutionNode = FALSE
	EndGlobalSection
	GlobalSection(ExtensibilityGlobals) = postSolution
		SolutionGuid = {11DA0A04-C189-4DFF-8A20-C6DA59EADC32}
	EndGlobalSection
EndGlobal
